Microsoft Visual Studio Solution File, Format Version 12.00
# Visual Studio Version 17
VisualStudioVersion = 17.5.2.0
MinimumVisualStudioVersion = 10.0.40219.1
Project("{FAE04EC0-301F-11D3-BF4B-00C04F79EFBC}") = "VSPractice", "VSPractice.csproj", "{8BAF7E4A-6639-A17C-C05B-5016BBE788CD}"
EndProject
Global
	GlobalSection(SolutionConfigurationPlatforms) = preSolution
		Debug|Any CPU = Debug|Any CPU
		Release|Any CPU = Release|Any CPU
	EndGlobalSection
	GlobalSection(ProjectConfigurationPlatforms) = postSolution
		{8BAF7E4A-6639-A17C-C05B-5016BBE788CD}.Debug|Any CPU.ActiveCfg = Debug|Any CPU
		{8BAF7E4A-6639-A17C-C05B-5016BBE788CD}.Debug|Any CPU.Build.0 = Debug|Any CPU
		{8BAF7E4A-6639-A17C-C05B-5016BBE788CD}.Release|Any CPU.ActiveCfg = Release|Any CPU
		{8BAF7E4A-6639-A17C-C05B-5016BBE788CD}.Release|Any CPU.Build.0 = Release|Any CPU
	EndGlobalSection
	GlobalSection(SolutionProperties) = preSolution
		HideSolutionNode = FALSE
	EndGlobalSection
	GlobalSection(ExtensibilityGlobals) = postSolution
		SolutionGuid = {FFDBEA1C-61B2-41BE-B53F-5CEEA7F3B4ED}
	EndGlobalSection
EndGlobal
